
Microsoft Visual Studio Solution File, Format Version 12.00
# Visual Studio Version 16
VisualStudioVersion = 16.0.30621.155
MinimumVisualStudioVersion = 10.0.40219.1
Project("{FAE04EC0-301F-11D3-BF4B-00C04F79EFBC}") = "MPS Class Exercise 3 Grid.Android", "MPS Class Exercise 3 Grid.Android\MPS Class Exercise 3 Grid.Android.csproj", "{312A9AA4-9479-4172-BA04-05D0B36844A0}"
EndProject
Project("{FAE04EC0-301F-11D3-BF4B-00C04F79EFBC}") = "MPS Class Exercise 3 Grid.iOS", "MPS Class Exercise 3 Grid.iOS\MPS Class Exercise 3 Grid.iOS.csproj", "{02B6B47D-1DCA-4EE2-AA88-B0AF6FCFD9EC}"
EndProject
Project("{FAE04EC0-301F-11D3-BF4B-00C04F79EFBC}") = "MPS Class Exercise 3 Grid", "MPS Class Exercise 3 Grid\MPS Class Exercise 3 Grid.csproj", "{F919C456-269F-4E25-A306-93EDB2244560}"
EndProject
Global
	GlobalSection(SolutionConfigurationPlatforms) = preSolution
		Debug|Any CPU = Debug|Any CPU
		Debug|iPhone = Debug|iPhone
		Debug|iPhoneSimulator = Debug|iPhoneSimulator
		Release|Any CPU = Release|Any CPU
		Release|iPhone = Release|iPhone
		Release|iPhoneSimulator = Release|iPhoneSimulator
	EndGlobalSection
	GlobalSection(ProjectConfigurationPlatforms) = postSolution
		{312A9AA4-9479-4172-BA04-05D0B36844A0}.Debug|Any CPU.ActiveCfg = Debug|Any CPU
		{312A9AA4-9479-4172-BA04-05D0B36844A0}.Debug|Any CPU.Build.0 = Debug|Any CPU
		{312A9AA4-9479-4172-BA04-05D0B36844A0}.Debug|Any CPU.Deploy.0 = Debug|Any CPU
		{312A9AA4-9479-4172-BA04-05D0B36844A0}.Debug|iPhone.ActiveCfg = Debug|Any CPU
		{312A9AA4-9479-4172-BA04-05D0B36844A0}.Debug|iPhone.Build.0 = Debug|Any CPU
		{312A9AA4-9479-4172-BA04-05D0B36844A0}.Debug|iPhone.Deploy.0 = Debug|Any CPU
		{312A9AA4-9479-4172-BA04-05D0B36844A0}.Debug|iPhoneSimulator.ActiveCfg = Debug|Any CPU
		{312A9AA4-9479-4172-BA04-05D0B36844A0}.Debug|iPhoneSimulator.Build.0 = Debug|Any CPU
		{312A9AA4-9479-4172-BA04-05D0B36844A0}.Debug|iPhoneSimulator.Deploy.0 = Debug|Any CPU
		{312A9AA4-9479-4172-BA04-05D0B36844A0}.Release|Any CPU.ActiveCfg = Release|Any CPU
		{312A9AA4-9479-4172-BA04-05D0B36844A0}.Release|Any CPU.Build.0 = Release|Any CPU
		{312A9AA4-9479-4172-BA04-05D0B36844A0}.Release|Any CPU.Deploy.0 = Release|Any CPU
		{312A9AA4-9479-4172-BA04-05D0B36844A0}.Release|iPhone.ActiveCfg = Release|Any CPU
		{312A9AA4-9479-4172-BA04-05D0B36844A0}.Release|iPhone.Build.0 = Release|Any CPU
		{312A9AA4-9479-4172-BA04-05D0B36844A0}.Release|iPhone.Deploy.0 = Release|Any CPU
		{312A9AA4-9479-4172-BA04-05D0B36844A0}.Release|iPhoneSimulator.ActiveCfg = Release|Any CPU
		{312A9AA4-9479-4172-BA04-05D0B36844A0}.Release|iPhoneSimulator.Build.0 = Release|Any CPU
		{312A9AA4-9479-4172-BA04-05D0B36844A0}.Release|iPhoneSimulator.Deploy.0 = Release|Any CPU
		{02B6B47D-1DCA-4EE2-AA88-B0AF6FCFD9EC}.Debug|Any CPU.ActiveCfg = Debug|iPhone
		{02B6B47D-1DCA-4EE2-AA88-B0AF6FCFD9EC}.Debug|Any CPU.Build.0 = Debug|iPhone
		{02B6B47D-1DCA-4EE2-AA88-B0AF6FCFD9EC}.Debug|Any CPU.Deploy.0 = Debug|iPhone
		{02B6B47D-1DCA-4EE2-AA88-B0AF6FCFD9EC}.Debug|iPhone.ActiveCfg = Debug|iPhone
		{02B6B47D-1DCA-4EE2-AA88-B0AF6FCFD9EC}.Debug|iPhone.Build.0 = Debug|iPhone
		{02B6B47D-1DCA-4EE2-AA88-B0AF6FCFD9EC}.Debug|iPhone.Deploy.0 = Debug|iPhone
		{02B6B47D-1DCA-4EE2-AA88-B0AF6FCFD9EC}.Debug|iPhoneSimulator.ActiveCfg = Debug|iPhoneSimulator
		{02B6B47D-1DCA-4EE2-AA88-B0AF6FCFD9EC}.Debug|iPhoneSimulator.Build.0 = Debug|iPhoneSimulator
		{02B6B47D-1DCA-4EE2-AA88-B0AF6FCFD9EC}.Debug|iPhoneSimulator.Deploy.0 = Debug|iPhoneSimulator
		{02B6B47D-1DCA-4EE2-AA88-B0AF6FCFD9EC}.Release|Any CPU.ActiveCfg = Release|iPhoneSimulator
		{02B6B47D-1DCA-4EE2-AA88-B0AF6FCFD9EC}.Release|Any CPU.Build.0 = Release|iPhoneSimulator
		{02B6B47D-1DCA-4EE2-AA88-B0AF6FCFD9EC}.Release|Any CPU.Deploy.0 = Release|iPhoneSimulator
		{02B6B47D-1DCA-4EE2-AA88-B0AF6FCFD9EC}.Release|iPhone.ActiveCfg = Release|iPhone
		{02B6B47D-1DCA-4EE2-AA88-B0AF6FCFD9EC}.Release|iPhone.Build.0 = Release|iPhone
		{02B6B47D-1DCA-4EE2-AA88-B0AF6FCFD9EC}.Release|iPhone.Deploy.0 = Release|iPhone
		{02B6B47D-1DCA-4EE2-AA88-B0AF6FCFD9EC}.Release|iPhoneSimulator.ActiveCfg = Release|iPhoneSimulator
		{02B6B47D-1DCA-4EE2-AA88-B0AF6FCFD9EC}.Release|iPhoneSimulator.Build.0 = Release|iPhoneSimulator
		{02B6B47D-1DCA-4EE2-AA88-B0AF6FCFD9EC}.Release|iPhoneSimulator.Deploy.0 = Release|iPhoneSimulator
		{F919C456-269F-4E25-A306-93EDB2244560}.Debug|Any CPU.ActiveCfg = Debug|Any CPU
		{F919C456-269F-4E25-A306-93EDB2244560}.Debug|Any CPU.Build.0 = Debug|Any CPU
		{F919C456-269F-4E25-A306-93EDB2244560}.Debug|Any CPU.Deploy.0 = Debug|Any CPU
		{F919C456-269F-4E25-A306-93EDB2244560}.Debug|iPhone.ActiveCfg = Debug|Any CPU
		{F919C456-269F-4E25-A306-93EDB2244560}.Debug|iPhone.Build.0 = Debug|Any CPU
		{F919C456-269F-4E25-A306-93EDB2244560}.Debug|iPhone.Deploy.0 = Debug|Any CPU
		{F919C456-269F-4E25-A306-93EDB2244560}.Debug|iPhoneSimulator.ActiveCfg = Debug|Any CPU
		{F919C456-269F-4E25-A306-93EDB2244560}.Debug|iPhoneSimulator.Build.0 = Debug|Any CPU
		{F919C456-269F-4E25-A306-93EDB2244560}.Debug|iPhoneSimulator.Deploy.0 = Debug|Any CPU
		{F919C456-269F-4E25-A306-93EDB2244560}.Release|Any CPU.ActiveCfg = Release|Any CPU
		{F919C456-269F-4E25-A306-93EDB2244560}.Release|Any CPU.Build.0 = Release|Any CPU
		{F919C456-269F-4E25-A306-93EDB2244560}.Release|Any CPU.Deploy.0 = Release|Any CPU
		{F919C456-269F-4E25-A306-93EDB2244560}.Release|iPhone.ActiveCfg = Release|Any CPU
		{F919C456-269F-4E25-A306-93EDB2244560}.Release|iPhone.Build.0 = Release|Any CPU
		{F919C456-269F-4E25-A306-93EDB2244560}.Release|iPhone.Deploy.0 = Release|Any CPU
		{F919C456-269F-4E25-A306-93EDB2244560}.Release|iPhoneSimulator.ActiveCfg = Release|Any CPU
		{F919C456-269F-4E25-A306-93EDB2244560}.Release|iPhoneSimulator.Build.0 = Release|Any CPU
		{F919C456-269F-4E25-A306-93EDB2244560}.Release|iPhoneSimulator.Deploy.0 = Release|Any CPU
	EndGlobalSection
	GlobalSection(SolutionProperties) = preSolution
		HideSolutionNode = FALSE
	EndGlobalSection
	GlobalSection(ExtensibilityGlobals) = postSolution
		SolutionGuid = {0DE433BF-88A4-420E-BC18-C1FDD44BED28}
	EndGlobalSection
EndGlobal
